
Microsoft Visual Studio Solution File, Format Version 12.00
# Visual Studio Version 17
VisualStudioVersion = 17.2.32526.322
MinimumVisualStudioVersion = 10.0.40219.1
Project("{FAE04EC0-301F-11D3-BF4B-00C04F79EFBC}") = "MD5_HASH", "MD5_HASH\MD5_HASH.csproj", "{6255597D-BCF5-4EAB-9CC2-C5D79AAB9049}"
EndProject
Global
	GlobalSection(SolutionConfigurationPlatforms) = preSolution
		Debug|Any CPU = Debug|Any CPU
		Release|Any CPU = Release|Any CPU
	EndGlobalSection
	GlobalSection(ProjectConfigurationPlatforms) = postSolution
		{6255597D-BCF5-4EAB-9CC2-C5D79AAB9049}.Debug|Any CPU.ActiveCfg = Debug|Any CPU
		{6255597D-BCF5-4EAB-9CC2-C5D79AAB9049}.Debug|Any CPU.Build.0 = Debug|Any CPU
		{6255597D-BCF5-4EAB-9CC2-C5D79AAB9049}.Release|Any CPU.ActiveCfg = Release|Any CPU
		{6255597D-BCF5-4EAB-9CC2-C5D79AAB9049}.Release|Any CPU.Build.0 = Release|Any CPU
	EndGlobalSection
	GlobalSection(SolutionProperties) = preSolution
		HideSolutionNode = FALSE
	EndGlobalSection
	GlobalSection(ExtensibilityGlobals) = postSolution
		SolutionGuid = {D0AE3F1D-32F5-4D15-8701-582F64B54B0D}
	EndGlobalSection
EndGlobal
